
Microsoft Visual Studio Solution File, Format Version 12.00
# Visual Studio 15
VisualStudioVersion = 15.0.26228.49
MinimumVisualStudioVersion = 10.0.40219.1
Project("{9092AA53-FB77-4645-B42D-1CCCA6BD08BD}") = "api", "api\api.njsproj", "{34BE3DFD-0ACD-4614-BAA2-B752FDE6379E}"
EndProject
Project("{9092AA53-FB77-4645-B42D-1CCCA6BD08BD}") = "web", "web\web.njsproj", "{74A02061-0533-45B0-8B26-78C84422D4F2}"
EndProject
Global
	GlobalSection(SolutionConfigurationPlatforms) = preSolution
		Debug|Any CPU = Debug|Any CPU
		Release|Any CPU = Release|Any CPU
	EndGlobalSection
	GlobalSection(ProjectConfigurationPlatforms) = postSolution
		{34BE3DFD-0ACD-4614-BAA2-B752FDE6379E}.Debug|Any CPU.ActiveCfg = Debug|Any CPU
		{34BE3DFD-0ACD-4614-BAA2-B752FDE6379E}.Debug|Any CPU.Build.0 = Debug|Any CPU
		{34BE3DFD-0ACD-4614-BAA2-B752FDE6379E}.Release|Any CPU.ActiveCfg = Release|Any CPU
		{34BE3DFD-0ACD-4614-BAA2-B752FDE6379E}.Release|Any CPU.Build.0 = Release|Any CPU
		{74A02061-0533-45B0-8B26-78C84422D4F2}.Debug|Any CPU.ActiveCfg = Debug|Any CPU
		{74A02061-0533-45B0-8B26-78C84422D4F2}.Debug|Any CPU.Build.0 = Debug|Any CPU
		{74A02061-0533-45B0-8B26-78C84422D4F2}.Release|Any CPU.ActiveCfg = Release|Any CPU
		{74A02061-0533-45B0-8B26-78C84422D4F2}.Release|Any CPU.Build.0 = Release|Any CPU
	EndGlobalSection
	GlobalSection(SolutionProperties) = preSolution
		HideSolutionNode = FALSE
	EndGlobalSection
EndGlobal
